{
  "name": "@sse-auth/types",
  "version": "1.3.0",
  "lockfileVersion": 3,
  "requires": true,
  "packages": {
    "": {
      "name": "@sse-auth/types",
      "version": "1.3.0",
      "license": "MIT",
      "dependencies": {
        "nodemailer": "^6.9.16",
        "oauth4webapi": "^3.1.4"
      }
    },
    "node_modules/nodemailer": {
      "version": "6.9.16",
      "resolved": "https://registry.npmjs.org/nodemailer/-/nodemailer-6.9.16.tgz",
      "integrity": "sha512-psAuZdTIRN08HKVd/E8ObdV6NO7NTBY3KsC30F7M4H1OnmLCUNaS56FpYxyb26zWLSyYF9Ozch9KYHhHegsiOQ==",
      "license": "MIT-0",
      "engines": {
        "node": ">=6.0.0"
      }
    },
    "node_modules/oauth4webapi": {
      "version": "3.1.4",
      "resolved": "https://registry.npmjs.org/oauth4webapi/-/oauth4webapi-3.1.4.tgz",
      "integrity": "sha512-eVfN3nZNbok2s/ROifO0UAc5G8nRoLSbrcKJ09OqmucgnhXEfdIQOR4gq1eJH1rN3gV7rNw62bDEgftsgFtBEg==",
      "license": "MIT",
      "funding": {
        "url": "https://github.com/sponsors/panva"
      }
    }
  }
}
