{
  "name": "@sse-auth/types",
  "version": "1.5.0",
  "lockfileVersion": 3,
  "requires": true,
  "packages": {
    "": {
      "name": "@sse-auth/types",
      "version": "1.5.0",
      "license": "MIT",
      "dependencies": {
        "@simplewebauthn/server": "^13.1.1",
        "nodemailer": "^6.9.16",
        "oauth4webapi": "^3.1.4",
        "react": "^19.0.0"
      },
      "devDependencies": {
        "@types/nodemailer": "^6.4.17",
        "@types/react": "^19.0.8"
      }
    },
    "node_modules/@hexagon/base64": {
      "version": "1.1.28",
      "resolved": "https://registry.npmjs.org/@hexagon/base64/-/base64-1.1.28.tgz",
      "integrity": "sha512-lhqDEAvWixy3bZ+UOYbPwUbBkwBq5C1LAJ/xPC8Oi+lL54oyakv/npbA0aU2hgCsx/1NUd4IBvV03+aUBWxerw=="
    },
    "node_modules/@levischuck/tiny-cbor": {
      "version": "0.2.11",
      "resolved": "https://registry.npmjs.org/@levischuck/tiny-cbor/-/tiny-cbor-0.2.11.tgz",
      "integrity": "sha512-llBRm4dT4Z89aRsm6u2oEZ8tfwL/2l6BwpZ7JcyieouniDECM5AqNgr/y08zalEIvW3RSK4upYyybDcmjXqAow=="
    },
    "node_modules/@peculiar/asn1-android": {
      "version": "2.3.16",
      "resolved": "https://registry.npmjs.org/@peculiar/asn1-android/-/asn1-android-2.3.16.tgz",
      "integrity": "sha512-a1viIv3bIahXNssrOIkXZIlI2ePpZaNmR30d4aBL99mu2rO+mT9D6zBsp7H6eROWGtmwv0Ionp5olJurIo09dw==",
      "dependencies": {
        "@peculiar/asn1-schema": "^2.3.15",
        "asn1js": "^3.0.5",
        "tslib": "^2.8.1"
      }
    },
    "node_modules/@peculiar/asn1-ecc": {
      "version": "2.3.15",
      "resolved": "https://registry.npmjs.org/@peculiar/asn1-ecc/-/asn1-ecc-2.3.15.tgz",
      "integrity": "sha512-/HtR91dvgog7z/WhCVdxZJ/jitJuIu8iTqiyWVgRE9Ac5imt2sT/E4obqIVGKQw7PIy+X6i8lVBoT6wC73XUgA==",
      "dependencies": {
        "@peculiar/asn1-schema": "^2.3.15",
        "@peculiar/asn1-x509": "^2.3.15",
        "asn1js": "^3.0.5",
        "tslib": "^2.8.1"
      }
    },
    "node_modules/@peculiar/asn1-rsa": {
      "version": "2.3.15",
      "resolved": "https://registry.npmjs.org/@peculiar/asn1-rsa/-/asn1-rsa-2.3.15.tgz",
      "integrity": "sha512-p6hsanvPhexRtYSOHihLvUUgrJ8y0FtOM97N5UEpC+VifFYyZa0iZ5cXjTkZoDwxJ/TTJ1IJo3HVTB2JJTpXvg==",
      "dependencies": {
        "@peculiar/asn1-schema": "^2.3.15",
        "@peculiar/asn1-x509": "^2.3.15",
        "asn1js": "^3.0.5",
        "tslib": "^2.8.1"
      }
    },
    "node_modules/@peculiar/asn1-schema": {
      "version": "2.3.15",
      "resolved": "https://registry.npmjs.org/@peculiar/asn1-schema/-/asn1-schema-2.3.15.tgz",
      "integrity": "sha512-QPeD8UA8axQREpgR5UTAfu2mqQmm97oUqahDtNdBcfj3qAnoXzFdQW+aNf/tD2WVXF8Fhmftxoj0eMIT++gX2w==",
      "dependencies": {
        "asn1js": "^3.0.5",
        "pvtsutils": "^1.3.6",
        "tslib": "^2.8.1"
      }
    },
    "node_modules/@peculiar/asn1-x509": {
      "version": "2.3.15",
      "resolved": "https://registry.npmjs.org/@peculiar/asn1-x509/-/asn1-x509-2.3.15.tgz",
      "integrity": "sha512-0dK5xqTqSLaxv1FHXIcd4Q/BZNuopg+u1l23hT9rOmQ1g4dNtw0g/RnEi+TboB0gOwGtrWn269v27cMgchFIIg==",
      "dependencies": {
        "@peculiar/asn1-schema": "^2.3.15",
        "asn1js": "^3.0.5",
        "pvtsutils": "^1.3.6",
        "tslib": "^2.8.1"
      }
    },
    "node_modules/@simplewebauthn/server": {
      "version": "13.1.1",
      "resolved": "https://registry.npmjs.org/@simplewebauthn/server/-/server-13.1.1.tgz",
      "integrity": "sha512-1hsLpRHfSuMB9ee2aAdh0Htza/X3f4djhYISrggqGe3xopNjOcePiSDkDDoPzDYaaMCrbqGP1H2TYU7bgL9PmA==",
      "dependencies": {
        "@hexagon/base64": "^1.1.27",
        "@levischuck/tiny-cbor": "^0.2.2",
        "@peculiar/asn1-android": "^2.3.10",
        "@peculiar/asn1-ecc": "^2.3.8",
        "@peculiar/asn1-rsa": "^2.3.8",
        "@peculiar/asn1-schema": "^2.3.8",
        "@peculiar/asn1-x509": "^2.3.8"
      },
      "engines": {
        "node": ">=20.0.0"
      }
    },
    "node_modules/@types/node": {
      "version": "22.15.17",
      "resolved": "https://registry.npmjs.org/@types/node/-/node-22.15.17.tgz",
      "integrity": "sha512-wIX2aSZL5FE+MR0JlvF87BNVrtFWf6AE6rxSE9X7OwnVvoyCQjpzSRJ+M87se/4QCkCiebQAqrJ0y6fwIyi7nw==",
      "dev": true,
      "dependencies": {
        "undici-types": "~6.21.0"
      }
    },
    "node_modules/@types/nodemailer": {
      "version": "6.4.17",
      "resolved": "https://registry.npmjs.org/@types/nodemailer/-/nodemailer-6.4.17.tgz",
      "integrity": "sha512-I9CCaIp6DTldEg7vyUTZi8+9Vo0hi1/T8gv3C89yk1rSAAzoKQ8H8ki/jBYJSFoH/BisgLP8tkZMlQ91CIquww==",
      "dev": true,
      "dependencies": {
        "@types/node": "*"
      }
    },
    "node_modules/@types/react": {
      "version": "19.1.3",
      "resolved": "https://registry.npmjs.org/@types/react/-/react-19.1.3.tgz",
      "integrity": "sha512-dLWQ+Z0CkIvK1J8+wrDPwGxEYFA4RAyHoZPxHVGspYmFVnwGSNT24cGIhFJrtfRnWVuW8X7NO52gCXmhkVUWGQ==",
      "dev": true,
      "dependencies": {
        "csstype": "^3.0.2"
      }
    },
    "node_modules/asn1js": {
      "version": "3.0.6",
      "resolved": "https://registry.npmjs.org/asn1js/-/asn1js-3.0.6.tgz",
      "integrity": "sha512-UOCGPYbl0tv8+006qks/dTgV9ajs97X2p0FAbyS2iyCRrmLSRolDaHdp+v/CLgnzHc3fVB+CwYiUmei7ndFcgA==",
      "dependencies": {
        "pvtsutils": "^1.3.6",
        "pvutils": "^1.1.3",
        "tslib": "^2.8.1"
      },
      "engines": {
        "node": ">=12.0.0"
      }
    },
    "node_modules/csstype": {
      "version": "3.1.3",
      "resolved": "https://registry.npmjs.org/csstype/-/csstype-3.1.3.tgz",
      "integrity": "sha512-M1uQkMl8rQK/szD0LNhtqxIPLpimGm8sOBwU7lLnCpSbTyY3yeU1Vc7l4KT5zT4s/yOxHH5O7tIuuLOCnLADRw==",
      "dev": true
    },
    "node_modules/nodemailer": {
      "version": "6.10.1",
      "resolved": "https://registry.npmjs.org/nodemailer/-/nodemailer-6.10.1.tgz",
      "integrity": "sha512-Z+iLaBGVaSjbIzQ4pX6XV41HrooLsQ10ZWPUehGmuantvzWoDVBnmsdUcOIDM1t+yPor5pDhVlDESgOMEGxhHA==",
      "engines": {
        "node": ">=6.0.0"
      }
    },
    "node_modules/oauth4webapi": {
      "version": "3.5.1",
      "resolved": "https://registry.npmjs.org/oauth4webapi/-/oauth4webapi-3.5.1.tgz",
      "integrity": "sha512-txg/jZQwcbaF7PMJgY7aoxc9QuCxHVFMiEkDIJ60DwDz3PbtXPQnrzo+3X4IRYGChIwWLabRBRpf1k9hO9+xrQ==",
      "funding": {
        "url": "https://github.com/sponsors/panva"
      }
    },
    "node_modules/pvtsutils": {
      "version": "1.3.6",
      "resolved": "https://registry.npmjs.org/pvtsutils/-/pvtsutils-1.3.6.tgz",
      "integrity": "sha512-PLgQXQ6H2FWCaeRak8vvk1GW462lMxB5s3Jm673N82zI4vqtVUPuZdffdZbPDFRoU8kAhItWFtPCWiPpp4/EDg==",
      "dependencies": {
        "tslib": "^2.8.1"
      }
    },
    "node_modules/pvutils": {
      "version": "1.1.3",
      "resolved": "https://registry.npmjs.org/pvutils/-/pvutils-1.1.3.tgz",
      "integrity": "sha512-pMpnA0qRdFp32b1sJl1wOJNxZLQ2cbQx+k6tjNtZ8CpvVhNqEPRgivZ2WOUev2YMajecdH7ctUPDvEe87nariQ==",
      "engines": {
        "node": ">=6.0.0"
      }
    },
    "node_modules/react": {
      "version": "19.1.0",
      "resolved": "https://registry.npmjs.org/react/-/react-19.1.0.tgz",
      "integrity": "sha512-FS+XFBNvn3GTAWq26joslQgWNoFu08F4kl0J4CgdNKADkdSGXQyTCnKteIAJy96Br6YbpEU1LSzV5dYtjMkMDg==",
      "engines": {
        "node": ">=0.10.0"
      }
    },
    "node_modules/tslib": {
      "version": "2.8.1",
      "resolved": "https://registry.npmjs.org/tslib/-/tslib-2.8.1.tgz",
      "integrity": "sha512-oJFu94HQb+KVduSUQL7wnpmqnfmLsOA/nAh6b6EH0wCEoK0/mPeXU6c3wKDV83MkOuHPRHtSXKKU99IBazS/2w=="
    },
    "node_modules/undici-types": {
      "version": "6.21.0",
      "resolved": "https://registry.npmjs.org/undici-types/-/undici-types-6.21.0.tgz",
      "integrity": "sha512-iwDZqg0QAGrg9Rav5H4n0M64c3mkR59cJ6wQp+7C4nI0gsmExaedaYLNO44eT4AtBBwjbTiGPMlt2Md0T9H9JQ==",
      "dev": true
    }
  }
}
